// !$*UTF8*$!
{
	archiveVersion = 1;
	classes = {
	};
	objectVersion = 56;
	objects = {

/* Begin PBXBuildFile section */
		6B111049DE704E4C32024887 /* libPods-Recipes.a in Frameworks */ = {isa = PBXBuildFile; fileRef = 95526124990FF01B8886B4D9 /* libPods-Recipes.a */; };
		AF41E5E92B86FBC400C72CF5 /* RecipesApp.swift in Sources */ = {isa = PBXBuildFile; fileRef = AF41E5E82B86FBC400C72CF5 /* RecipesApp.swift */; };
		AF41E5EB2B86FBC400C72CF5 /* ContentView.swift in Sources */ = {isa = PBXBuildFile; fileRef = AF41E5EA2B86FBC400C72CF5 /* ContentView.swift */; };
		AF41E5ED2B86FBC700C72CF5 /* Assets.xcassets in Resources */ = {isa = PBXBuildFile; fileRef = AF41E5EC2B86FBC700C72CF5 /* Assets.xcassets */; };
		AF41E5F02B86FBC700C72CF5 /* Preview Assets.xcassets in Resources */ = {isa = PBXBuildFile; fileRef = AF41E5EF2B86FBC700C72CF5 /* Preview Assets.xcassets */; };
		AF41E5FB2B86FD6100C72CF5 /* MealViewModel.swift in Sources */ = {isa = PBXBuildFile; fileRef = AF41E5FA2B86FD6100C72CF5 /* MealViewModel.swift */; };
		AF41E5FD2B86FDCF00C72CF5 /* Dessert.swift in Sources */ = {isa = PBXBuildFile; fileRef = AF41E5FC2B86FDCF00C72CF5 /* Dessert.swift */; };
		AF41E6092B8717C200C72CF5 /* HomeView.swift in Sources */ = {isa = PBXBuildFile; fileRef = AF41E6082B8717C200C72CF5 /* HomeView.swift */; };
		AF41E60B2B8717CE00C72CF5 /* MealCardView.swift in Sources */ = {isa = PBXBuildFile; fileRef = AF41E60A2B8717CE00C72CF5 /* MealCardView.swift */; };
		AF41E60D2B8717D900C72CF5 /* DetailView.swift in Sources */ = {isa = PBXBuildFile; fileRef = AF41E60C2B8717D900C72CF5 /* DetailView.swift */; };
		AF43B9952B87847500EC0EA8 /* ImageOverlayView.swift in Sources */ = {isa = PBXBuildFile; fileRef = AF43B9942B87847500EC0EA8 /* ImageOverlayView.swift */; };
/* End PBXBuildFile section */

/* Begin PBXFileReference section */
		26A7EAFACB26D5B6EEDA5EF1 /* Pods-Recipes.debug.xcconfig */ = {isa = PBXFileReference; includeInIndex = 1; lastKnownFileType = text.xcconfig; name = "Pods-Recipes.debug.xcconfig"; path = "Target Support Files/Pods-Recipes/Pods-Recipes.debug.xcconfig"; sourceTree = "<group>"; };
		286F79B8906E5A6E690A8A36 /* Pods-Recipes.release.xcconfig */ = {isa = PBXFileReference; includeInIndex = 1; lastKnownFileType = text.xcconfig; name = "Pods-Recipes.release.xcconfig"; path = "Target Support Files/Pods-Recipes/Pods-Recipes.release.xcconfig"; sourceTree = "<group>"; };
		95526124990FF01B8886B4D9 /* libPods-Recipes.a */ = {isa = PBXFileReference; explicitFileType = archive.ar; includeInIndex = 0; path = "libPods-Recipes.a"; sourceTree = BUILT_PRODUCTS_DIR; };
		AF41E5E52B86FBC300C72CF5 /* Recipes.app */ = {isa = PBXFileReference; explicitFileType = wrapper.application; includeInIndex = 0; path = Recipes.app; sourceTree = BUILT_PRODUCTS_DIR; };
		AF41E5E82B86FBC400C72CF5 /* RecipesApp.swift */ = {isa = PBXFileReference; lastKnownFileType = sourcecode.swift; path = RecipesApp.swift; sourceTree = "<group>"; };
		AF41E5EA2B86FBC400C72CF5 /* ContentView.swift */ = {isa = PBXFileReference; lastKnownFileType = sourcecode.swift; path = ContentView.swift; sourceTree = "<group>"; };
		AF41E5EC2B86FBC700C72CF5 /* Assets.xcassets */ = {isa = PBXFileReference; lastKnownFileType = folder.assetcatalog; path = Assets.xcassets; sourceTree = "<group>"; };
		AF41E5EF2B86FBC700C72CF5 /* Preview Assets.xcassets */ = {isa = PBXFileReference; lastKnownFileType = folder.assetcatalog; path = "Preview Assets.xcassets"; sourceTree = "<group>"; };
		AF41E5FA2B86FD6100C72CF5 /* MealViewModel.swift */ = {isa = PBXFileReference; lastKnownFileType = sourcecode.swift; path = MealViewModel.swift; sourceTree = "<group>"; };
		AF41E5FC2B86FDCF00C72CF5 /* Dessert.swift */ = {isa = PBXFileReference; lastKnownFileType = sourcecode.swift; path = Dessert.swift; sourceTree = "<group>"; };
		AF41E6082B8717C200C72CF5 /* HomeView.swift */ = {isa = PBXFileReference; lastKnownFileType = sourcecode.swift; path = HomeView.swift; sourceTree = "<group>"; };
		AF41E60A2B8717CE00C72CF5 /* MealCardView.swift */ = {isa = PBXFileReference; lastKnownFileType = sourcecode.swift; path = MealCardView.swift; sourceTree = "<group>"; };
		AF41E60C2B8717D900C72CF5 /* DetailView.swift */ = {isa = PBXFileReference; lastKnownFileType = sourcecode.swift; path = DetailView.swift; sourceTree = "<group>"; };
		AF43B9942B87847500EC0EA8 /* ImageOverlayView.swift */ = {isa = PBXFileReference; lastKnownFileType = sourcecode.swift; path = ImageOverlayView.swift; sourceTree = "<group>"; };
/* End PBXFileReference section */

/* Begin PBXFrameworksBuildPhase section */
		AF41E5E22B86FBC300C72CF5 /* Frameworks */ = {
			isa = PBXFrameworksBuildPhase;
			buildActionMask = 2147483647;
			files = (
				6B111049DE704E4C32024887 /* libPods-Recipes.a in Frameworks */,
			);
			runOnlyForDeploymentPostprocessing = 0;
		};
/* End PBXFrameworksBuildPhase section */

/* Begin PBXGroup section */
		2CC82F13997BC26519009822 /* Frameworks */ = {
			isa = PBXGroup;
			children = (
				95526124990FF01B8886B4D9 /* libPods-Recipes.a */,
			);
			name = Frameworks;
			sourceTree = "<group>";
		};
		95D8C7F70D20D8D54997C811 /* Pods */ = {
			isa = PBXGroup;
			children = (
				26A7EAFACB26D5B6EEDA5EF1 /* Pods-Recipes.debug.xcconfig */,
				286F79B8906E5A6E690A8A36 /* Pods-Recipes.release.xcconfig */,
			);
			path = Pods;
			sourceTree = "<group>";
		};
		AF41E5DC2B86FBC300C72CF5 = {
			isa = PBXGroup;
			children = (
				AF41E5E72B86FBC300C72CF5 /* Recipes */,
				AF41E5E62B86FBC300C72CF5 /* Products */,
				95D8C7F70D20D8D54997C811 /* Pods */,
				2CC82F13997BC26519009822 /* Frameworks */,
			);
			sourceTree = "<group>";
		};
		AF41E5E62B86FBC300C72CF5 /* Products */ = {
			isa = PBXGroup;
			children = (
				AF41E5E52B86FBC300C72CF5 /* Recipes.app */,
			);
			name = Products;
			sourceTree = "<group>";
		};
		AF41E5E72B86FBC300C72CF5 /* Recipes */ = {
			isa = PBXGroup;
			children = (
				AF41E5E82B86FBC400C72CF5 /* RecipesApp.swift */,
				AF41E5F62B86FCB200C72CF5 /* Views */,
				AF41E5F82B86FCC600C72CF5 /* ViewModels */,
				AF41E5F92B86FCD600C72CF5 /* Models */,
				AF41E5EC2B86FBC700C72CF5 /* Assets.xcassets */,
				AF41E5EE2B86FBC700C72CF5 /* Preview Content */,
			);
			path = Recipes;
			sourceTree = "<group>";
		};
		AF41E5EE2B86FBC700C72CF5 /* Preview Content */ = {
			isa = PBXGroup;
			children = (
				AF41E5EF2B86FBC700C72CF5 /* Preview Assets.xcassets */,
			);
			path = "Preview Content";
			sourceTree = "<group>";
		};
		AF41E5F62B86FCB200C72CF5 /* Views */ = {
			isa = PBXGroup;
			children = (
				AF41E5EA2B86FBC400C72CF5 /* ContentView.swift */,
				AF41E6082B8717C200C72CF5 /* HomeView.swift */,
				AF43B9942B87847500EC0EA8 /* ImageOverlayView.swift */,
				AF41E60A2B8717CE00C72CF5 /* MealCardView.swift */,
				AF41E60C2B8717D900C72CF5 /* DetailView.swift */,
			);
			path = Views;
			sourceTree = "<group>";
		};
		AF41E5F82B86FCC600C72CF5 /* ViewModels */ = {
			isa = PBXGroup;
			children = (
				AF41E5FA2B86FD6100C72CF5 /* MealViewModel.swift */,
			);
			path = ViewModels;
			sourceTree = "<group>";
		};
		AF41E5F92B86FCD600C72CF5 /* Models */ = {
			isa = PBXGroup;
			children = (
				AF41E5FC2B86FDCF00C72CF5 /* Dessert.swift */,
			);
			path = Models;
			sourceTree = "<group>";
		};
/* End PBXGroup section */

/* Begin PBXNativeTarget section */
		AF41E5E42B86FBC300C72CF5 /* Recipes */ = {
			isa = PBXNativeTarget;
			buildConfigurationList = AF41E5F32B86FBC700C72CF5 /* Build configuration list for PBXNativeTarget "Recipes" */;
			buildPhases = (
				D5E8FBAF4BF017CEE6050F35 /* [CP] Check Pods Manifest.lock */,
				AF41E5E12B86FBC300C72CF5 /* Sources */,
				AF41E5E22B86FBC300C72CF5 /* Frameworks */,
				AF41E5E32B86FBC300C72CF5 /* Resources */,
				AF41E60E2B871CBA00C72CF5 /* ShellScript */,
			);
			buildRules = (
			);
			dependencies = (
			);
			name = Recipes;
			productName = Recipes;
			productReference = AF41E5E52B86FBC300C72CF5 /* Recipes.app */;
			productType = "com.apple.product-type.application";
		};
/* End PBXNativeTarget section */

/* Begin PBXProject section */
		AF41E5DD2B86FBC300C72CF5 /* Project object */ = {
			isa = PBXProject;
			attributes = {
				BuildIndependentTargetsInParallel = 1;
				LastSwiftUpdateCheck = 1520;
				LastUpgradeCheck = 1520;
				TargetAttributes = {
					AF41E5E42B86FBC300C72CF5 = {
						CreatedOnToolsVersion = 15.2;
					};
				};
			};
			buildConfigurationList = AF41E5E02B86FBC300C72CF5 /* Build configuration list for PBXProject "Recipes" */;
			compatibilityVersion = "Xcode 14.0";
			developmentRegion = en;
			hasScannedForEncodings = 0;
			knownRegions = (
				en,
				Base,
			);
			mainGroup = AF41E5DC2B86FBC300C72CF5;
			productRefGroup = AF41E5E62B86FBC300C72CF5 /* Products */;
			projectDirPath = "";
			projectRoot = "";
			targets = (
				AF41E5E42B86FBC300C72CF5 /* Recipes */,
			);
		};
/* End PBXProject section */

/* Begin PBXResourcesBuildPhase section */
		AF41E5E32B86FBC300C72CF5 /* Resources */ = {
			isa = PBXResourcesBuildPhase;
			buildActionMask = 2147483647;
			files = (
				AF41E5F02B86FBC700C72CF5 /* Preview Assets.xcassets in Resources */,
				AF41E5ED2B86FBC700C72CF5 /* Assets.xcassets in Resources */,
			);
			runOnlyForDeploymentPostprocessing = 0;
		};
/* End PBXResourcesBuildPhase section */

/* Begin PBXShellScriptBuildPhase section */
		AF41E60E2B871CBA00C72CF5 /* ShellScript */ = {
			isa = PBXShellScriptBuildPhase;
			buildActionMask = 2147483647;
			files = (
			);
			inputFileListPaths = (
			);
			inputPaths = (
			);
			outputFileListPaths = (
			);
			outputPaths = (
			);
			runOnlyForDeploymentPostprocessing = 0;
			shellPath = /bin/sh;
			shellScript = "# Type a script or drag a script file from your workspace to insert its path.\nif which swiftlint > /dev/null; then\n  \"${PODS_ROOT}/SwiftLint/swiftlint\"\nelse\n  echo \"warning: SwiftLint not installed, download from https://github.com/realm/SwiftLint\"\nfi\n";
		};
		D5E8FBAF4BF017CEE6050F35 /* [CP] Check Pods Manifest.lock */ = {
			isa = PBXShellScriptBuildPhase;
			buildActionMask = 2147483647;
			files = (
			);
			inputFileListPaths = (
			);
			inputPaths = (
				"${PODS_PODFILE_DIR_PATH}/Podfile.lock",
				"${PODS_ROOT}/Manifest.lock",
			);
			name = "[CP] Check Pods Manifest.lock";
			outputFileListPaths = (
			);
			outputPaths = (
				"$(DERIVED_FILE_DIR)/Pods-Recipes-checkManifestLockResult.txt",
			);
			runOnlyForDeploymentPostprocessing = 0;
			shellPath = /bin/sh;
			shellScript = "diff \"${PODS_PODFILE_DIR_PATH}/Podfile.lock\" \"${PODS_ROOT}/Manifest.lock\" > /dev/null\nif [ $? != 0 ] ; then\n    # print error to STDERR\n    echo \"error: The sandbox is not in sync with the Podfile.lock. Run 'pod install' or update your CocoaPods installation.\" >&2\n    exit 1\nfi\n# This output is used by Xcode 'outputs' to avoid re-running this script phase.\necho \"SUCCESS\" > \"${SCRIPT_OUTPUT_FILE_0}\"\n";
			showEnvVarsInLog = 0;
		};
/* End PBXShellScriptBuildPhase section */

/* Begin PBXSourcesBuildPhase section */
		AF41E5E12B86FBC300C72CF5 /* Sources */ = {
			isa = PBXSourcesBuildPhase;
			buildActionMask = 2147483647;
			files = (
				AF41E5EB2B86FBC400C72CF5 /* ContentView.swift in Sources */,
				AF43B9952B87847500EC0EA8 /* ImageOverlayView.swift in Sources */,
				AF41E60B2B8717CE00C72CF5 /* MealCardView.swift in Sources */,
				AF41E5E92B86FBC400C72CF5 /* RecipesApp.swift in Sources */,
				AF41E60D2B8717D900C72CF5 /* DetailView.swift in Sources */,
				AF41E5FD2B86FDCF00C72CF5 /* Dessert.swift in Sources */,
				AF41E6092B8717C200C72CF5 /* HomeView.swift in Sources */,
				AF41E5FB2B86FD6100C72CF5 /* MealViewModel.swift in Sources */,
			);
			runOnlyForDeploymentPostprocessing = 0;
		};
/* End PBXSourcesBuildPhase section */

/* Begin XCBuildConfiguration section */
		AF41E5F12B86FBC700C72CF5 /* Debug */ = {
			isa = XCBuildConfiguration;
			buildSettings = {
				ALWAYS_SEARCH_USER_PATHS = NO;
				ASSETCATALOG_COMPILER_GENERATE_SWIFT_ASSET_SYMBOL_EXTENSIONS = YES;
				CLANG_ANALYZER_NONNULL = YES;
				CLANG_ANALYZER_NUMBER_OBJECT_CONVERSION = YES_AGGRESSIVE;
				CLANG_CXX_LANGUAGE_STANDARD = "gnu++20";
				CLANG_ENABLE_MODULES = YES;
				CLANG_ENABLE_OBJC_ARC = YES;
				CLANG_ENABLE_OBJC_WEAK = YES;
				CLANG_WARN_BLOCK_CAPTURE_AUTORELEASING = YES;
				CLANG_WARN_BOOL_CONVERSION = YES;
				CLANG_WARN_COMMA = YES;
				CLANG_WARN_CONSTANT_CONVERSION = YES;
				CLANG_WARN_DEPRECATED_OBJC_IMPLEMENTATIONS = YES;
				CLANG_WARN_DIRECT_OBJC_ISA_USAGE = YES_ERROR;
				CLANG_WARN_DOCUMENTATION_COMMENTS = YES;
				CLANG_WARN_EMPTY_BODY = YES;
				CLANG_WARN_ENUM_CONVERSION = YES;
				CLANG_WARN_INFINITE_RECURSION = YES;
				CLANG_WARN_INT_CONVERSION = YES;
				CLANG_WARN_NON_LITERAL_NULL_CONVERSION = YES;
				CLANG_WARN_OBJC_IMPLICIT_RETAIN_SELF = YES;
				CLANG_WARN_OBJC_LITERAL_CONVERSION = YES;
				CLANG_WARN_OBJC_ROOT_CLASS = YES_ERROR;
				CLANG_WARN_QUOTED_INCLUDE_IN_FRAMEWORK_HEADER = YES;
				CLANG_WARN_RANGE_LOOP_ANALYSIS = YES;
				CLANG_WARN_STRICT_PROTOTYPES = YES;
				CLANG_WARN_SUSPICIOUS_MOVE = YES;
				CLANG_WARN_UNGUARDED_AVAILABILITY = YES_AGGRESSIVE;
				CLANG_WARN_UNREACHABLE_CODE = YES;
				CLANG_WARN__DUPLICATE_METHOD_MATCH = YES;
				COPY_PHASE_STRIP = NO;
				DEBUG_INFORMATION_FORMAT = dwarf;
				ENABLE_STRICT_OBJC_MSGSEND = YES;
				ENABLE_TESTABILITY = YES;
				ENABLE_USER_SCRIPT_SANDBOXING = YES;
				GCC_C_LANGUAGE_STANDARD = gnu17;
				GCC_DYNAMIC_NO_PIC = NO;
				GCC_NO_COMMON_BLOCKS = YES;
				GCC_OPTIMIZATION_LEVEL = 0;
				GCC_PREPROCESSOR_DEFINITIONS = (
					"DEBUG=1",
					"$(inherited)",
				);
				GCC_WARN_64_TO_32_BIT_CONVERSION = YES;
				GCC_WARN_ABOUT_RETURN_TYPE = YES_ERROR;
				GCC_WARN_UNDECLARED_SELECTOR = YES;
				GCC_WARN_UNINITIALIZED_AUTOS = YES_AGGRESSIVE;
				GCC_WARN_UNUSED_FUNCTION = YES;
				GCC_WARN_UNUSED_VARIABLE = YES;
				IPHONEOS_DEPLOYMENT_TARGET = 17.2;
				LOCALIZATION_PREFERS_STRING_CATALOGS = YES;
				MTL_ENABLE_DEBUG_INFO = INCLUDE_SOURCE;
				MTL_FAST_MATH = YES;
				ONLY_ACTIVE_ARCH = YES;
				SDKROOT = iphoneos;
				SWIFT_ACTIVE_COMPILATION_CONDITIONS = "DEBUG $(inherited)";
				SWIFT_OPTIMIZATION_LEVEL = "-Onone";
			};
			name = Debug;
		};
		AF41E5F22B86FBC700C72CF5 /* Release */ = {
			isa = XCBuildConfiguration;
			buildSettings = {
				ALWAYS_SEARCH_USER_PATHS = NO;
				ASSETCATALOG_COMPILER_GENERATE_SWIFT_ASSET_SYMBOL_EXTENSIONS = YES;
				CLANG_ANALYZER_NONNULL = YES;
				CLANG_ANALYZER_NUMBER_OBJECT_CONVERSION = YES_AGGRESSIVE;
				CLANG_CXX_LANGUAGE_STANDARD = "gnu++20";
				CLANG_ENABLE_MODULES = YES;
				CLANG_ENABLE_OBJC_ARC = YES;
				CLANG_ENABLE_OBJC_WEAK = YES;
				CLANG_WARN_BLOCK_CAPTURE_AUTORELEASING = YES;
				CLANG_WARN_BOOL_CONVERSION = YES;
				CLANG_WARN_COMMA = YES;
				CLANG_WARN_CONSTANT_CONVERSION = YES;
				CLANG_WARN_DEPRECATED_OBJC_IMPLEMENTATIONS = YES;
				CLANG_WARN_DIRECT_OBJC_ISA_USAGE = YES_ERROR;
				CLANG_WARN_DOCUMENTATION_COMMENTS = YES;
				CLANG_WARN_EMPTY_BODY = YES;
				CLANG_WARN_ENUM_CONVERSION = YES;
				CLANG_WARN_INFINITE_RECURSION = YES;
				CLANG_WARN_INT_CONVERSION = YES;
				CLANG_WARN_NON_LITERAL_NULL_CONVERSION = YES;
				CLANG_WARN_OBJC_IMPLICIT_RETAIN_SELF = YES;
				CLANG_WARN_OBJC_LITERAL_CONVERSION = YES;
				CLANG_WARN_OBJC_ROOT_CLASS = YES_ERROR;
				CLANG_WARN_QUOTED_INCLUDE_IN_FRAMEWORK_HEADER = YES;
				CLANG_WARN_RANGE_LOOP_ANALYSIS = YES;
				CLANG_WARN_STRICT_PROTOTYPES = YES;
				CLANG_WARN_SUSPICIOUS_MOVE = YES;
				CLANG_WARN_UNGUARDED_AVAILABILITY = YES_AGGRESSIVE;
				CLANG_WARN_UNREACHABLE_CODE = YES;
				CLANG_WARN__DUPLICATE_METHOD_MATCH = YES;
				COPY_PHASE_STRIP = NO;
				DEBUG_INFORMATION_FORMAT = "dwarf-with-dsym";
				ENABLE_NS_ASSERTIONS = NO;
				ENABLE_STRICT_OBJC_MSGSEND = YES;
				ENABLE_USER_SCRIPT_SANDBOXING = YES;
				GCC_C_LANGUAGE_STANDARD = gnu17;
				GCC_NO_COMMON_BLOCKS = YES;
				GCC_WARN_64_TO_32_BIT_CONVERSION = YES;
				GCC_WARN_ABOUT_RETURN_TYPE = YES_ERROR;
				GCC_WARN_UNDECLARED_SELECTOR = YES;
				GCC_WARN_UNINITIALIZED_AUTOS = YES_AGGRESSIVE;
				GCC_WARN_UNUSED_FUNCTION = YES;
				GCC_WARN_UNUSED_VARIABLE = YES;
				IPHONEOS_DEPLOYMENT_TARGET = 17.2;
				LOCALIZATION_PREFERS_STRING_CATALOGS = YES;
				MTL_ENABLE_DEBUG_INFO = NO;
				MTL_FAST_MATH = YES;
				SDKROOT = iphoneos;
				SWIFT_COMPILATION_MODE = wholemodule;
				VALIDATE_PRODUCT = YES;
			};
			name = Release;
		};
		AF41E5F42B86FBC700C72CF5 /* Debug */ = {
			isa = XCBuildConfiguration;
			baseConfigurationReference = 26A7EAFACB26D5B6EEDA5EF1 /* Pods-Recipes.debug.xcconfig */;
			buildSettings = {
				ASSETCATALOG_COMPILER_APPICON_NAME = AppIcon;
				ASSETCATALOG_COMPILER_GLOBAL_ACCENT_COLOR_NAME = AccentColor;
				CODE_SIGN_STYLE = Automatic;
				CURRENT_PROJECT_VERSION = 1;
				DEVELOPMENT_ASSET_PATHS = "\"Recipes/Preview Content\"";
				DEVELOPMENT_TEAM = 93N6VW4S4Y;
				ENABLE_PREVIEWS = YES;
				GENERATE_INFOPLIST_FILE = YES;
				INFOPLIST_KEY_UIApplicationSceneManifest_Generation = YES;
				INFOPLIST_KEY_UIApplicationSupportsIndirectInputEvents = YES;
				INFOPLIST_KEY_UILaunchScreen_Generation = YES;
				INFOPLIST_KEY_UISupportedInterfaceOrientations_iPad = "UIInterfaceOrientationPortrait UIInterfaceOrientationPortraitUpsideDown UIInterfaceOrientationLandscapeLeft UIInterfaceOrientationLandscapeRight";
				INFOPLIST_KEY_UISupportedInterfaceOrientations_iPhone = "UIInterfaceOrientationPortrait UIInterfaceOrientationLandscapeLeft UIInterfaceOrientationLandscapeRight";
				LD_RUNPATH_SEARCH_PATHS = (
					"$(inherited)",
					"@executable_path/Frameworks",
				);
				MARKETING_VERSION = 1.0;
				PRODUCT_BUNDLE_IDENTIFIER = sarth.Recipes;
				PRODUCT_NAME = "$(TARGET_NAME)";
				SWIFT_EMIT_LOC_STRINGS = YES;
				SWIFT_VERSION = 5.0;
				TARGETED_DEVICE_FAMILY = "1,2";
			};
			name = Debug;
		};
		AF41E5F52B86FBC700C72CF5 /* Release */ = {
			isa = XCBuildConfiguration;
			baseConfigurationReference = 286F79B8906E5A6E690A8A36 /* Pods-Recipes.release.xcconfig */;
			buildSettings = {
				ASSETCATALOG_COMPILER_APPICON_NAME = AppIcon;
				ASSETCATALOG_COMPILER_GLOBAL_ACCENT_COLOR_NAME = AccentColor;
				CODE_SIGN_STYLE = Automatic;
				CURRENT_PROJECT_VERSION = 1;
				DEVELOPMENT_ASSET_PATHS = "\"Recipes/Preview Content\"";
				DEVELOPMENT_TEAM = 93N6VW4S4Y;
				ENABLE_PREVIEWS = YES;
				GENERATE_INFOPLIST_FILE = YES;
				INFOPLIST_KEY_UIApplicationSceneManifest_Generation = YES;
				INFOPLIST_KEY_UIApplicationSupportsIndirectInputEvents = YES;
				INFOPLIST_KEY_UILaunchScreen_Generation = YES;
				INFOPLIST_KEY_UISupportedInterfaceOrientations_iPad = "UIInterfaceOrientationPortrait UIInterfaceOrientationPortraitUpsideDown UIInterfaceOrientationLandscapeLeft UIInterfaceOrientationLandscapeRight";
				INFOPLIST_KEY_UISupportedInterfaceOrientations_iPhone = "UIInterfaceOrientationPortrait UIInterfaceOrientationLandscapeLeft UIInterfaceOrientationLandscapeRight";
				LD_RUNPATH_SEARCH_PATHS = (
					"$(inherited)",
					"@executable_path/Frameworks",
				);
				MARKETING_VERSION = 1.0;
				PRODUCT_BUNDLE_IDENTIFIER = sarth.Recipes;
				PRODUCT_NAME = "$(TARGET_NAME)";
				SWIFT_EMIT_LOC_STRINGS = YES;
				SWIFT_VERSION = 5.0;
				TARGETED_DEVICE_FAMILY = "1,2";
			};
			name = Release;
		};
/* End XCBuildConfiguration section */

/* Begin XCConfigurationList section */
		AF41E5E02B86FBC300C72CF5 /* Build configuration list for PBXProject "Recipes" */ = {
			isa = XCConfigurationList;
			buildConfigurations = (
				AF41E5F12B86FBC700C72CF5 /* Debug */,
				AF41E5F22B86FBC700C72CF5 /* Release */,
			);
			defaultConfigurationIsVisible = 0;
			defaultConfigurationName = Release;
		};
		AF41E5F32B86FBC700C72CF5 /* Build configuration list for PBXNativeTarget "Recipes" */ = {
			isa = XCConfigurationList;
			buildConfigurations = (
				AF41E5F42B86FBC700C72CF5 /* Debug */,
				AF41E5F52B86FBC700C72CF5 /* Release */,
			);
			defaultConfigurationIsVisible = 0;
			defaultConfigurationName = Release;
		};
/* End XCConfigurationList section */
	};
	rootObject = AF41E5DD2B86FBC300C72CF5 /* Project object */;
}
